
Microsoft Visual Studio Solution File, Format Version 12.00
# Visual Studio 15
VisualStudioVersion = 15.0.26730.12
MinimumVisualStudioVersion = 10.0.40219.1
Project("{2150E333-8FDC-42A3-9474-1A3956D46DE8}") = "Accountability", "Accountability", "{E6A1A331-A0A1-45AD-9618-789D806A2323}"
EndProject
Project("{2150E333-8FDC-42A3-9474-1A3956D46DE8}") = "Bowling", "Bowling", "{EB4048FE-E695-470B-B9FE-D6F4691E590C}"
EndProject
Project("{9A19103F-16F7-4668-BE54-9A1E7A4F7556}") = "AccountabilityLib", "AccountabilityLib\AccountabilityLib.csproj", "{90DC560C-D956-469B-82A2-31CC78114FAC}"
EndProject
Project("{2150E333-8FDC-42A3-9474-1A3956D46DE8}") = "Measurement", "Measurement", "{45238253-6986-402A-917C-21C1BEC048FF}"
EndProject
Project("{9A19103F-16F7-4668-BE54-9A1E7A4F7556}") = "MeasurementLib", "MeasurementLib\MeasurementLib.csproj", "{009D926B-2344-4A0F-88D1-0DFEE2AF416F}"
EndProject
Project("{9A19103F-16F7-4668-BE54-9A1E7A4F7556}") = "BowlingLib", "BowlingLib\BowlingLib.csproj", "{CFFF4F83-53DA-4E1E-B9D4-1280140FDEA6}"
EndProject
Project("{9A19103F-16F7-4668-BE54-9A1E7A4F7556}") = "BowlingDbLib", "BowlingDbLib\BowlingDbLib.csproj", "{A287D2DA-CB51-4F0D-8624-EB50ABFE6D22}"
EndProject
Project("{9A19103F-16F7-4668-BE54-9A1E7A4F7556}") = "BowlingIntegrationTestLib", "BowlingIntegrationTestLib\BowlingIntegrationTestLib.csproj", "{13C2C161-3238-4FA1-A9C0-4CC31968CBBC}"
EndProject
Project("{9A19103F-16F7-4668-BE54-9A1E7A4F7556}") = "AccountabilityInterfacesLib", "AccountabilityInterfacesLib\AccountabilityInterfacesLib.csproj", "{4C3ADF45-903C-4AB2-8A08-B54B15AA1EFD}"
EndProject
Project("{9A19103F-16F7-4668-BE54-9A1E7A4F7556}") = "BowlingInterfacesLib", "BowlingInterfacesLib\BowlingInterfacesLib.csproj", "{05427D57-7F54-4331-AA72-4B35528C25B1}"
EndProject
Project("{9A19103F-16F7-4668-BE54-9A1E7A4F7556}") = "BowlingUnitTestLib", "BowlingUnitTestLib\BowlingUnitTestLib.csproj", "{B866EC01-7EB9-41BE-A973-369BF3711D47}"
EndProject
Project("{2150E333-8FDC-42A3-9474-1A3956D46DE8}") = "Account", "Account", "{27F09602-FE87-4F2A-A485-ECAE4CEADDCD}"
EndProject
Project("{9A19103F-16F7-4668-BE54-9A1E7A4F7556}") = "AccountLib", "AccountLib2\AccountLib.csproj", "{E7CB0A68-5AB2-4215-B8C6-1766343FC729}"
EndProject
Project("{9A19103F-16F7-4668-BE54-9A1E7A4F7556}") = "AccountInterfacesLib", "AccountInterfacesLib2\AccountInterfacesLib.csproj", "{CB7F3E86-7F73-4B3C-A5BB-F6359C6FB28C}"
EndProject
Project("{2150E333-8FDC-42A3-9474-1A3956D46DE8}") = "Factory", "Factory", "{D0BB9366-680D-4837-B498-D67BB18B51C2}"
EndProject
Project("{9A19103F-16F7-4668-BE54-9A1E7A4F7556}") = "FactoryInterfacesLib", "FactoryInterfacesLib\FactoryInterfacesLib.csproj", "{20E4C2A8-7F05-4462-A511-778817104EAE}"
EndProject
Project("{9A19103F-16F7-4668-BE54-9A1E7A4F7556}") = "FactoryLib", "FacotryLib\FactoryLib.csproj", "{A9A6DC36-AE00-4983-ABE1-5EED1FC3C1FD}"
EndProject
Project("{9A19103F-16F7-4668-BE54-9A1E7A4F7556}") = "FactoryEnumsLib", "FactoryEnumsLib\FactoryEnumsLib.csproj", "{017AC4BB-BB44-4023-B691-C9474006F780}"
EndProject
Project("{FAE04EC0-301F-11D3-BF4B-00C04F79EFBC}") = "FactoryExtensionsLib", "FactoryExtensionsLib\FactoryExtensionsLib.csproj", "{F5A2E452-981D-4103-BCBA-334BA0117F77}"
EndProject
Global
	GlobalSection(SolutionConfigurationPlatforms) = preSolution
		Debug|Any CPU = Debug|Any CPU
		Release|Any CPU = Release|Any CPU
	EndGlobalSection
	GlobalSection(ProjectConfigurationPlatforms) = postSolution
		{90DC560C-D956-469B-82A2-31CC78114FAC}.Debug|Any CPU.ActiveCfg = Debug|Any CPU
		{90DC560C-D956-469B-82A2-31CC78114FAC}.Debug|Any CPU.Build.0 = Debug|Any CPU
		{90DC560C-D956-469B-82A2-31CC78114FAC}.Release|Any CPU.ActiveCfg = Release|Any CPU
		{90DC560C-D956-469B-82A2-31CC78114FAC}.Release|Any CPU.Build.0 = Release|Any CPU
		{009D926B-2344-4A0F-88D1-0DFEE2AF416F}.Debug|Any CPU.ActiveCfg = Debug|Any CPU
		{009D926B-2344-4A0F-88D1-0DFEE2AF416F}.Debug|Any CPU.Build.0 = Debug|Any CPU
		{009D926B-2344-4A0F-88D1-0DFEE2AF416F}.Release|Any CPU.ActiveCfg = Release|Any CPU
		{009D926B-2344-4A0F-88D1-0DFEE2AF416F}.Release|Any CPU.Build.0 = Release|Any CPU
		{CFFF4F83-53DA-4E1E-B9D4-1280140FDEA6}.Debug|Any CPU.ActiveCfg = Debug|Any CPU
		{CFFF4F83-53DA-4E1E-B9D4-1280140FDEA6}.Debug|Any CPU.Build.0 = Debug|Any CPU
		{CFFF4F83-53DA-4E1E-B9D4-1280140FDEA6}.Release|Any CPU.ActiveCfg = Release|Any CPU
		{CFFF4F83-53DA-4E1E-B9D4-1280140FDEA6}.Release|Any CPU.Build.0 = Release|Any CPU
		{A287D2DA-CB51-4F0D-8624-EB50ABFE6D22}.Debug|Any CPU.ActiveCfg = Debug|Any CPU
		{A287D2DA-CB51-4F0D-8624-EB50ABFE6D22}.Debug|Any CPU.Build.0 = Debug|Any CPU
		{A287D2DA-CB51-4F0D-8624-EB50ABFE6D22}.Release|Any CPU.ActiveCfg = Release|Any CPU
		{A287D2DA-CB51-4F0D-8624-EB50ABFE6D22}.Release|Any CPU.Build.0 = Release|Any CPU
		{13C2C161-3238-4FA1-A9C0-4CC31968CBBC}.Debug|Any CPU.ActiveCfg = Debug|Any CPU
		{13C2C161-3238-4FA1-A9C0-4CC31968CBBC}.Debug|Any CPU.Build.0 = Debug|Any CPU
		{13C2C161-3238-4FA1-A9C0-4CC31968CBBC}.Release|Any CPU.ActiveCfg = Release|Any CPU
		{13C2C161-3238-4FA1-A9C0-4CC31968CBBC}.Release|Any CPU.Build.0 = Release|Any CPU
		{4C3ADF45-903C-4AB2-8A08-B54B15AA1EFD}.Debug|Any CPU.ActiveCfg = Debug|Any CPU
		{4C3ADF45-903C-4AB2-8A08-B54B15AA1EFD}.Debug|Any CPU.Build.0 = Debug|Any CPU
		{4C3ADF45-903C-4AB2-8A08-B54B15AA1EFD}.Release|Any CPU.ActiveCfg = Release|Any CPU
		{4C3ADF45-903C-4AB2-8A08-B54B15AA1EFD}.Release|Any CPU.Build.0 = Release|Any CPU
		{05427D57-7F54-4331-AA72-4B35528C25B1}.Debug|Any CPU.ActiveCfg = Debug|Any CPU
		{05427D57-7F54-4331-AA72-4B35528C25B1}.Debug|Any CPU.Build.0 = Debug|Any CPU
		{05427D57-7F54-4331-AA72-4B35528C25B1}.Release|Any CPU.ActiveCfg = Release|Any CPU
		{05427D57-7F54-4331-AA72-4B35528C25B1}.Release|Any CPU.Build.0 = Release|Any CPU
		{B866EC01-7EB9-41BE-A973-369BF3711D47}.Debug|Any CPU.ActiveCfg = Debug|Any CPU
		{B866EC01-7EB9-41BE-A973-369BF3711D47}.Debug|Any CPU.Build.0 = Debug|Any CPU
		{B866EC01-7EB9-41BE-A973-369BF3711D47}.Release|Any CPU.ActiveCfg = Release|Any CPU
		{B866EC01-7EB9-41BE-A973-369BF3711D47}.Release|Any CPU.Build.0 = Release|Any CPU
		{E7CB0A68-5AB2-4215-B8C6-1766343FC729}.Debug|Any CPU.ActiveCfg = Debug|Any CPU
		{E7CB0A68-5AB2-4215-B8C6-1766343FC729}.Debug|Any CPU.Build.0 = Debug|Any CPU
		{E7CB0A68-5AB2-4215-B8C6-1766343FC729}.Release|Any CPU.ActiveCfg = Release|Any CPU
		{E7CB0A68-5AB2-4215-B8C6-1766343FC729}.Release|Any CPU.Build.0 = Release|Any CPU
		{CB7F3E86-7F73-4B3C-A5BB-F6359C6FB28C}.Debug|Any CPU.ActiveCfg = Debug|Any CPU
		{CB7F3E86-7F73-4B3C-A5BB-F6359C6FB28C}.Debug|Any CPU.Build.0 = Debug|Any CPU
		{CB7F3E86-7F73-4B3C-A5BB-F6359C6FB28C}.Release|Any CPU.ActiveCfg = Release|Any CPU
		{CB7F3E86-7F73-4B3C-A5BB-F6359C6FB28C}.Release|Any CPU.Build.0 = Release|Any CPU
		{20E4C2A8-7F05-4462-A511-778817104EAE}.Debug|Any CPU.ActiveCfg = Debug|Any CPU
		{20E4C2A8-7F05-4462-A511-778817104EAE}.Debug|Any CPU.Build.0 = Debug|Any CPU
		{20E4C2A8-7F05-4462-A511-778817104EAE}.Release|Any CPU.ActiveCfg = Release|Any CPU
		{20E4C2A8-7F05-4462-A511-778817104EAE}.Release|Any CPU.Build.0 = Release|Any CPU
		{A9A6DC36-AE00-4983-ABE1-5EED1FC3C1FD}.Debug|Any CPU.ActiveCfg = Debug|Any CPU
		{A9A6DC36-AE00-4983-ABE1-5EED1FC3C1FD}.Debug|Any CPU.Build.0 = Debug|Any CPU
		{A9A6DC36-AE00-4983-ABE1-5EED1FC3C1FD}.Release|Any CPU.ActiveCfg = Release|Any CPU
		{A9A6DC36-AE00-4983-ABE1-5EED1FC3C1FD}.Release|Any CPU.Build.0 = Release|Any CPU
		{017AC4BB-BB44-4023-B691-C9474006F780}.Debug|Any CPU.ActiveCfg = Debug|Any CPU
		{017AC4BB-BB44-4023-B691-C9474006F780}.Debug|Any CPU.Build.0 = Debug|Any CPU
		{017AC4BB-BB44-4023-B691-C9474006F780}.Release|Any CPU.ActiveCfg = Release|Any CPU
		{017AC4BB-BB44-4023-B691-C9474006F780}.Release|Any CPU.Build.0 = Release|Any CPU
		{F5A2E452-981D-4103-BCBA-334BA0117F77}.Debug|Any CPU.ActiveCfg = Debug|Any CPU
		{F5A2E452-981D-4103-BCBA-334BA0117F77}.Debug|Any CPU.Build.0 = Debug|Any CPU
		{F5A2E452-981D-4103-BCBA-334BA0117F77}.Release|Any CPU.ActiveCfg = Release|Any CPU
		{F5A2E452-981D-4103-BCBA-334BA0117F77}.Release|Any CPU.Build.0 = Release|Any CPU
	EndGlobalSection
	GlobalSection(SolutionProperties) = preSolution
		HideSolutionNode = FALSE
	EndGlobalSection
	GlobalSection(NestedProjects) = preSolution
		{90DC560C-D956-469B-82A2-31CC78114FAC} = {E6A1A331-A0A1-45AD-9618-789D806A2323}
		{009D926B-2344-4A0F-88D1-0DFEE2AF416F} = {45238253-6986-402A-917C-21C1BEC048FF}
		{CFFF4F83-53DA-4E1E-B9D4-1280140FDEA6} = {EB4048FE-E695-470B-B9FE-D6F4691E590C}
		{A287D2DA-CB51-4F0D-8624-EB50ABFE6D22} = {EB4048FE-E695-470B-B9FE-D6F4691E590C}
		{13C2C161-3238-4FA1-A9C0-4CC31968CBBC} = {EB4048FE-E695-470B-B9FE-D6F4691E590C}
		{4C3ADF45-903C-4AB2-8A08-B54B15AA1EFD} = {E6A1A331-A0A1-45AD-9618-789D806A2323}
		{05427D57-7F54-4331-AA72-4B35528C25B1} = {EB4048FE-E695-470B-B9FE-D6F4691E590C}
		{B866EC01-7EB9-41BE-A973-369BF3711D47} = {EB4048FE-E695-470B-B9FE-D6F4691E590C}
		{E7CB0A68-5AB2-4215-B8C6-1766343FC729} = {27F09602-FE87-4F2A-A485-ECAE4CEADDCD}
		{CB7F3E86-7F73-4B3C-A5BB-F6359C6FB28C} = {27F09602-FE87-4F2A-A485-ECAE4CEADDCD}
		{20E4C2A8-7F05-4462-A511-778817104EAE} = {D0BB9366-680D-4837-B498-D67BB18B51C2}
		{A9A6DC36-AE00-4983-ABE1-5EED1FC3C1FD} = {D0BB9366-680D-4837-B498-D67BB18B51C2}
		{017AC4BB-BB44-4023-B691-C9474006F780} = {D0BB9366-680D-4837-B498-D67BB18B51C2}
		{F5A2E452-981D-4103-BCBA-334BA0117F77} = {D0BB9366-680D-4837-B498-D67BB18B51C2}
	EndGlobalSection
	GlobalSection(ExtensibilityGlobals) = postSolution
		SolutionGuid = {7765A402-854B-47FB-8627-F133925EB390}
	EndGlobalSection
EndGlobal
